
Microsoft Visual Studio Solution File, Format Version 12.00
# Visual Studio Version 17
VisualStudioVersion = 17.0.31919.166
MinimumVisualStudioVersion = 10.0.40219.1
Project("{FAE04EC0-301F-11D3-BF4B-00C04F79EFBC}") = "Jcf.QuinzePontos.Api", "src\Jcf.QuinzePontos.Api\Jcf.QuinzePontos.Api.csproj", "{7473E2E8-2484-433E-9926-34CD75CC9E37}"
EndProject
Global
	GlobalSection(SolutionConfigurationPlatforms) = preSolution
		Debug|Any CPU = Debug|Any CPU
		Release|Any CPU = Release|Any CPU
	EndGlobalSection
	GlobalSection(ProjectConfigurationPlatforms) = postSolution
		{7473E2E8-2484-433E-9926-34CD75CC9E37}.Debug|Any CPU.ActiveCfg = Debug|Any CPU
		{7473E2E8-2484-433E-9926-34CD75CC9E37}.Debug|Any CPU.Build.0 = Debug|Any CPU
		{7473E2E8-2484-433E-9926-34CD75CC9E37}.Release|Any CPU.ActiveCfg = Release|Any CPU
		{7473E2E8-2484-433E-9926-34CD75CC9E37}.Release|Any CPU.Build.0 = Release|Any CPU
	EndGlobalSection
	GlobalSection(SolutionProperties) = preSolution
		HideSolutionNode = FALSE
	EndGlobalSection
	GlobalSection(ExtensibilityGlobals) = postSolution
		SolutionGuid = {3E90154C-08CD-482A-9C95-C3D16E6935D5}
	EndGlobalSection
EndGlobal
